
Microsoft Visual Studio Solution File, Format Version 10.00
# Visual Studio 2008
Project("{8BC9CEB8-8B4A-11D0-8D11-00A0C91BC942}") = "GxxGmPlayBase", "GxxGmPlayBase\GxxGmPlayBase.vcproj", "{95FDFAE9-6425-4D2F-B38D-9BD681160995}"
EndProject
Project("{2150E333-8FDC-42A3-9474-1A3956D46DE8}") = "1.基础库", "1.基础库", "{E755F955-EEB8-48A8-88B7-F61A9C328E6D}"
EndProject
Project("{2150E333-8FDC-42A3-9474-1A3956D46DE8}") = "B. 网络通道相关", "B. 网络通道相关", "{E3ABB540-8635-4CE4-8134-73728BCB62E0}"
EndProject
Project("{2150E333-8FDC-42A3-9474-1A3956D46DE8}") = "1.SIP协议栈", "1.SIP协议栈", "{B99F646C-E2D2-4835-A441-4E4AA0F396AE}"
EndProject
Project("{8BC9CEB8-8B4A-11D0-8D11-00A0C91BC942}") = "SipUAS", "SipUAS\SipUAS.vcproj", "{CFFB6CB8-1BBE-407D-BC0E-BF0769B26BDB}"
EndProject
Project("{8BC9CEB8-8B4A-11D0-8D11-00A0C91BC942}") = "SipUAC", "SipUAC\SipUAC.vcproj", "{A51B87D4-BB49-4072-821A-0A956BC3B665}"
EndProject
Project("{8BC9CEB8-8B4A-11D0-8D11-00A0C91BC942}") = "GxxGmSipTunnel", "GxxGmSipTunnel\GxxGmSipTunnel.vcproj", "{08DB62A0-5C4A-4434-900D-41EEB7BEA612}"
EndProject
Project("{8BC9CEB8-8B4A-11D0-8D11-00A0C91BC942}") = "NetTunnelSimulateClient", "NetTunnelSimulateClient\NetTunnelSimulateClient.vcproj", "{2C3159E2-D736-4B01-9437-F97C9B7D516D}"
EndProject
Project("{8BC9CEB8-8B4A-11D0-8D11-00A0C91BC942}") = "NetTunnelSimulateServer", "NetTunnelSimulateServer\NetTunnelSimulateServer.vcproj", "{52841616-373B-477E-A250-5A01893FABAA}"
EndProject
Project("{8BC9CEB8-8B4A-11D0-8D11-00A0C91BC942}") = "GxxGmNetTunnelServer", "GxxGmNetTunnelServer\GxxGmNetTunnelServer.vcproj", "{1A018A8D-34EC-4357-994E-1A842B353DB6}"
	ProjectSection(ProjectDependencies) = postProject
		{08DB62A0-5C4A-4434-900D-41EEB7BEA612} = {08DB62A0-5C4A-4434-900D-41EEB7BEA612}
	EndProjectSection
EndProject
Project("{8BC9CEB8-8B4A-11D0-8D11-00A0C91BC942}") = "GxxGmNetTunnelClient", "GxxGmNetTunnelClient\GxxGmNetTunnelClient.vcproj", "{6775F5A7-8B23-44A6-BD24-EB6BDB40C7CA}"
	ProjectSection(ProjectDependencies) = postProject
		{08DB62A0-5C4A-4434-900D-41EEB7BEA612} = {08DB62A0-5C4A-4434-900D-41EEB7BEA612}
	EndProjectSection
EndProject
Project("{2150E333-8FDC-42A3-9474-1A3956D46DE8}") = "1.技术方案训练", "1.技术方案训练", "{54235F3B-7EAA-426C-9CBE-00D562A534AF}"
EndProject
Project("{2150E333-8FDC-42A3-9474-1A3956D46DE8}") = "2.通道项目", "2.通道项目", "{E6A8F63E-102E-4539-B9F9-8B4D7A28CE39}"
EndProject
Project("{2150E333-8FDC-42A3-9474-1A3956D46DE8}") = "3.模拟客户端与服务器", "3.模拟客户端与服务器", "{407F6B59-62C6-41D1-B6DF-8439A468E6E9}"
EndProject
Project("{2150E333-8FDC-42A3-9474-1A3956D46DE8}") = "0.公共组件", "0.公共组件", "{8EDE3F08-2D89-4627-BA79-3F5504FC2C55}"
EndProject
Project("{2150E333-8FDC-42A3-9474-1A3956D46DE8}") = "0.协议栈", "0.协议栈", "{568C8F3D-369E-4DF1-9BD0-CDDF8D8F2A79}"
EndProject
Project("{8BC9CEB8-8B4A-11D0-8D11-00A0C91BC942}") = "eXosip", "third_party\eXosip\platform\vsnet\eXosip.vcproj", "{4EA67539-9EE9-4065-BD39-87E517FD8262}"
EndProject
Project("{8BC9CEB8-8B4A-11D0-8D11-00A0C91BC942}") = "osip2", "third_party\osip\platform\vsnet\osip2.vcproj", "{85255507-5D16-4218-85E2-F683BB2F04DA}"
EndProject
Project("{8BC9CEB8-8B4A-11D0-8D11-00A0C91BC942}") = "osipparser2", "third_party\osip\platform\vsnet\osipparser2.vcproj", "{44F46B7E-0E51-4304-9735-330DFBAB41E5}"
EndProject
Global
	GlobalSection(SolutionConfigurationPlatforms) = preSolution
		Debug DLL|Win32 = Debug DLL|Win32
		Debug|Win32 = Debug|Win32
		Release DLL|Win32 = Release DLL|Win32
		Release|Win32 = Release|Win32
	EndGlobalSection
	GlobalSection(ProjectConfigurationPlatforms) = postSolution
		{95FDFAE9-6425-4D2F-B38D-9BD681160995}.Debug DLL|Win32.ActiveCfg = Debug|Win32
		{95FDFAE9-6425-4D2F-B38D-9BD681160995}.Debug DLL|Win32.Build.0 = Debug|Win32
		{95FDFAE9-6425-4D2F-B38D-9BD681160995}.Debug|Win32.ActiveCfg = Debug|Win32
		{95FDFAE9-6425-4D2F-B38D-9BD681160995}.Debug|Win32.Build.0 = Debug|Win32
		{95FDFAE9-6425-4D2F-B38D-9BD681160995}.Release DLL|Win32.ActiveCfg = Release|Win32
		{95FDFAE9-6425-4D2F-B38D-9BD681160995}.Release DLL|Win32.Build.0 = Release|Win32
		{95FDFAE9-6425-4D2F-B38D-9BD681160995}.Release|Win32.ActiveCfg = Release|Win32
		{95FDFAE9-6425-4D2F-B38D-9BD681160995}.Release|Win32.Build.0 = Release|Win32
		{CFFB6CB8-1BBE-407D-BC0E-BF0769B26BDB}.Debug DLL|Win32.ActiveCfg = Debug|Win32
		{CFFB6CB8-1BBE-407D-BC0E-BF0769B26BDB}.Debug DLL|Win32.Build.0 = Debug|Win32
		{CFFB6CB8-1BBE-407D-BC0E-BF0769B26BDB}.Debug|Win32.ActiveCfg = Debug|Win32
		{CFFB6CB8-1BBE-407D-BC0E-BF0769B26BDB}.Debug|Win32.Build.0 = Debug|Win32
		{CFFB6CB8-1BBE-407D-BC0E-BF0769B26BDB}.Release DLL|Win32.ActiveCfg = Release|Win32
		{CFFB6CB8-1BBE-407D-BC0E-BF0769B26BDB}.Release DLL|Win32.Build.0 = Release|Win32
		{CFFB6CB8-1BBE-407D-BC0E-BF0769B26BDB}.Release|Win32.ActiveCfg = Release|Win32
		{CFFB6CB8-1BBE-407D-BC0E-BF0769B26BDB}.Release|Win32.Build.0 = Release|Win32
		{A51B87D4-BB49-4072-821A-0A956BC3B665}.Debug DLL|Win32.ActiveCfg = Debug|Win32
		{A51B87D4-BB49-4072-821A-0A956BC3B665}.Debug DLL|Win32.Build.0 = Debug|Win32
		{A51B87D4-BB49-4072-821A-0A956BC3B665}.Debug|Win32.ActiveCfg = Debug|Win32
		{A51B87D4-BB49-4072-821A-0A956BC3B665}.Debug|Win32.Build.0 = Debug|Win32
		{A51B87D4-BB49-4072-821A-0A956BC3B665}.Release DLL|Win32.ActiveCfg = Release|Win32
		{A51B87D4-BB49-4072-821A-0A956BC3B665}.Release DLL|Win32.Build.0 = Release|Win32
		{A51B87D4-BB49-4072-821A-0A956BC3B665}.Release|Win32.ActiveCfg = Release|Win32
		{A51B87D4-BB49-4072-821A-0A956BC3B665}.Release|Win32.Build.0 = Release|Win32
		{08DB62A0-5C4A-4434-900D-41EEB7BEA612}.Debug DLL|Win32.ActiveCfg = Debug|Win32
		{08DB62A0-5C4A-4434-900D-41EEB7BEA612}.Debug DLL|Win32.Build.0 = Debug|Win32
		{08DB62A0-5C4A-4434-900D-41EEB7BEA612}.Debug|Win32.ActiveCfg = Debug|Win32
		{08DB62A0-5C4A-4434-900D-41EEB7BEA612}.Debug|Win32.Build.0 = Debug|Win32
		{08DB62A0-5C4A-4434-900D-41EEB7BEA612}.Release DLL|Win32.ActiveCfg = Release|Win32
		{08DB62A0-5C4A-4434-900D-41EEB7BEA612}.Release DLL|Win32.Build.0 = Release|Win32
		{08DB62A0-5C4A-4434-900D-41EEB7BEA612}.Release|Win32.ActiveCfg = Release|Win32
		{08DB62A0-5C4A-4434-900D-41EEB7BEA612}.Release|Win32.Build.0 = Release|Win32
		{2C3159E2-D736-4B01-9437-F97C9B7D516D}.Debug DLL|Win32.ActiveCfg = Debug|Win32
		{2C3159E2-D736-4B01-9437-F97C9B7D516D}.Debug DLL|Win32.Build.0 = Debug|Win32
		{2C3159E2-D736-4B01-9437-F97C9B7D516D}.Debug|Win32.ActiveCfg = Debug|Win32
		{2C3159E2-D736-4B01-9437-F97C9B7D516D}.Debug|Win32.Build.0 = Debug|Win32
		{2C3159E2-D736-4B01-9437-F97C9B7D516D}.Release DLL|Win32.ActiveCfg = Release|Win32
		{2C3159E2-D736-4B01-9437-F97C9B7D516D}.Release DLL|Win32.Build.0 = Release|Win32
		{2C3159E2-D736-4B01-9437-F97C9B7D516D}.Release|Win32.ActiveCfg = Release|Win32
		{2C3159E2-D736-4B01-9437-F97C9B7D516D}.Release|Win32.Build.0 = Release|Win32
		{52841616-373B-477E-A250-5A01893FABAA}.Debug DLL|Win32.ActiveCfg = Debug|Win32
		{52841616-373B-477E-A250-5A01893FABAA}.Debug DLL|Win32.Build.0 = Debug|Win32
		{52841616-373B-477E-A250-5A01893FABAA}.Debug|Win32.ActiveCfg = Debug|Win32
		{52841616-373B-477E-A250-5A01893FABAA}.Debug|Win32.Build.0 = Debug|Win32
		{52841616-373B-477E-A250-5A01893FABAA}.Release DLL|Win32.ActiveCfg = Release|Win32
		{52841616-373B-477E-A250-5A01893FABAA}.Release DLL|Win32.Build.0 = Release|Win32
		{52841616-373B-477E-A250-5A01893FABAA}.Release|Win32.ActiveCfg = Release|Win32
		{52841616-373B-477E-A250-5A01893FABAA}.Release|Win32.Build.0 = Release|Win32
		{1A018A8D-34EC-4357-994E-1A842B353DB6}.Debug DLL|Win32.ActiveCfg = Debug|Win32
		{1A018A8D-34EC-4357-994E-1A842B353DB6}.Debug DLL|Win32.Build.0 = Debug|Win32
		{1A018A8D-34EC-4357-994E-1A842B353DB6}.Debug|Win32.ActiveCfg = Debug|Win32
		{1A018A8D-34EC-4357-994E-1A842B353DB6}.Debug|Win32.Build.0 = Debug|Win32
		{1A018A8D-34EC-4357-994E-1A842B353DB6}.Release DLL|Win32.ActiveCfg = Release|Win32
		{1A018A8D-34EC-4357-994E-1A842B353DB6}.Release DLL|Win32.Build.0 = Release|Win32
		{1A018A8D-34EC-4357-994E-1A842B353DB6}.Release|Win32.ActiveCfg = Release|Win32
		{1A018A8D-34EC-4357-994E-1A842B353DB6}.Release|Win32.Build.0 = Release|Win32
		{6775F5A7-8B23-44A6-BD24-EB6BDB40C7CA}.Debug DLL|Win32.ActiveCfg = Debug|Win32
		{6775F5A7-8B23-44A6-BD24-EB6BDB40C7CA}.Debug DLL|Win32.Build.0 = Debug|Win32
		{6775F5A7-8B23-44A6-BD24-EB6BDB40C7CA}.Debug|Win32.ActiveCfg = Debug|Win32
		{6775F5A7-8B23-44A6-BD24-EB6BDB40C7CA}.Debug|Win32.Build.0 = Debug|Win32
		{6775F5A7-8B23-44A6-BD24-EB6BDB40C7CA}.Release DLL|Win32.ActiveCfg = Release|Win32
		{6775F5A7-8B23-44A6-BD24-EB6BDB40C7CA}.Release DLL|Win32.Build.0 = Release|Win32
		{6775F5A7-8B23-44A6-BD24-EB6BDB40C7CA}.Release|Win32.ActiveCfg = Release|Win32
		{6775F5A7-8B23-44A6-BD24-EB6BDB40C7CA}.Release|Win32.Build.0 = Release|Win32
		{4EA67539-9EE9-4065-BD39-87E517FD8262}.Debug DLL|Win32.ActiveCfg = Debug|Win32
		{4EA67539-9EE9-4065-BD39-87E517FD8262}.Debug DLL|Win32.Build.0 = Debug|Win32
		{4EA67539-9EE9-4065-BD39-87E517FD8262}.Debug|Win32.ActiveCfg = Debug|Win32
		{4EA67539-9EE9-4065-BD39-87E517FD8262}.Debug|Win32.Build.0 = Debug|Win32
		{4EA67539-9EE9-4065-BD39-87E517FD8262}.Release DLL|Win32.ActiveCfg = Release|Win32
		{4EA67539-9EE9-4065-BD39-87E517FD8262}.Release DLL|Win32.Build.0 = Release|Win32
		{4EA67539-9EE9-4065-BD39-87E517FD8262}.Release|Win32.ActiveCfg = Release|Win32
		{4EA67539-9EE9-4065-BD39-87E517FD8262}.Release|Win32.Build.0 = Release|Win32
		{85255507-5D16-4218-85E2-F683BB2F04DA}.Debug DLL|Win32.ActiveCfg = Debug DLL|Win32
		{85255507-5D16-4218-85E2-F683BB2F04DA}.Debug DLL|Win32.Build.0 = Debug DLL|Win32
		{85255507-5D16-4218-85E2-F683BB2F04DA}.Debug|Win32.ActiveCfg = Debug|Win32
		{85255507-5D16-4218-85E2-F683BB2F04DA}.Debug|Win32.Build.0 = Debug|Win32
		{85255507-5D16-4218-85E2-F683BB2F04DA}.Release DLL|Win32.ActiveCfg = Release DLL|Win32
		{85255507-5D16-4218-85E2-F683BB2F04DA}.Release DLL|Win32.Build.0 = Release DLL|Win32
		{85255507-5D16-4218-85E2-F683BB2F04DA}.Release|Win32.ActiveCfg = Release|Win32
		{85255507-5D16-4218-85E2-F683BB2F04DA}.Release|Win32.Build.0 = Release|Win32
		{44F46B7E-0E51-4304-9735-330DFBAB41E5}.Debug DLL|Win32.ActiveCfg = Debug DLL|Win32
		{44F46B7E-0E51-4304-9735-330DFBAB41E5}.Debug DLL|Win32.Build.0 = Debug DLL|Win32
		{44F46B7E-0E51-4304-9735-330DFBAB41E5}.Debug|Win32.ActiveCfg = Debug|Win32
		{44F46B7E-0E51-4304-9735-330DFBAB41E5}.Debug|Win32.Build.0 = Debug|Win32
		{44F46B7E-0E51-4304-9735-330DFBAB41E5}.Release DLL|Win32.ActiveCfg = Release DLL|Win32
		{44F46B7E-0E51-4304-9735-330DFBAB41E5}.Release DLL|Win32.Build.0 = Release DLL|Win32
		{44F46B7E-0E51-4304-9735-330DFBAB41E5}.Release|Win32.ActiveCfg = Release|Win32
		{44F46B7E-0E51-4304-9735-330DFBAB41E5}.Release|Win32.Build.0 = Release|Win32
	EndGlobalSection
	GlobalSection(SolutionProperties) = preSolution
		HideSolutionNode = FALSE
	EndGlobalSection
	GlobalSection(NestedProjects) = preSolution
		{E755F955-EEB8-48A8-88B7-F61A9C328E6D} = {8EDE3F08-2D89-4627-BA79-3F5504FC2C55}
		{95FDFAE9-6425-4D2F-B38D-9BD681160995} = {E755F955-EEB8-48A8-88B7-F61A9C328E6D}
		{B99F646C-E2D2-4835-A441-4E4AA0F396AE} = {E3ABB540-8635-4CE4-8134-73728BCB62E0}
		{568C8F3D-369E-4DF1-9BD0-CDDF8D8F2A79} = {E3ABB540-8635-4CE4-8134-73728BCB62E0}
		{54235F3B-7EAA-426C-9CBE-00D562A534AF} = {B99F646C-E2D2-4835-A441-4E4AA0F396AE}
		{E6A8F63E-102E-4539-B9F9-8B4D7A28CE39} = {B99F646C-E2D2-4835-A441-4E4AA0F396AE}
		{407F6B59-62C6-41D1-B6DF-8439A468E6E9} = {B99F646C-E2D2-4835-A441-4E4AA0F396AE}
		{A51B87D4-BB49-4072-821A-0A956BC3B665} = {54235F3B-7EAA-426C-9CBE-00D562A534AF}
		{CFFB6CB8-1BBE-407D-BC0E-BF0769B26BDB} = {54235F3B-7EAA-426C-9CBE-00D562A534AF}
		{1A018A8D-34EC-4357-994E-1A842B353DB6} = {E6A8F63E-102E-4539-B9F9-8B4D7A28CE39}
		{6775F5A7-8B23-44A6-BD24-EB6BDB40C7CA} = {E6A8F63E-102E-4539-B9F9-8B4D7A28CE39}
		{08DB62A0-5C4A-4434-900D-41EEB7BEA612} = {E6A8F63E-102E-4539-B9F9-8B4D7A28CE39}
		{52841616-373B-477E-A250-5A01893FABAA} = {407F6B59-62C6-41D1-B6DF-8439A468E6E9}
		{2C3159E2-D736-4B01-9437-F97C9B7D516D} = {407F6B59-62C6-41D1-B6DF-8439A468E6E9}
		{4EA67539-9EE9-4065-BD39-87E517FD8262} = {568C8F3D-369E-4DF1-9BD0-CDDF8D8F2A79}
		{85255507-5D16-4218-85E2-F683BB2F04DA} = {568C8F3D-369E-4DF1-9BD0-CDDF8D8F2A79}
		{44F46B7E-0E51-4304-9735-330DFBAB41E5} = {568C8F3D-369E-4DF1-9BD0-CDDF8D8F2A79}
	EndGlobalSection
EndGlobal
