
Microsoft Visual Studio Solution File, Format Version 10.00
# Visual Studio 2008
Project("{2150E333-8FDC-42A3-9474-1A3956D46DE8}") = "5.[测试] 渲染播放", "5.[测试] 渲染播放", "{CA3DAEE4-FF40-4903-9584-CA9D5310684F}"
EndProject
Project("{8BC9CEB8-8B4A-11D0-8D11-00A0C91BC942}") = "GxxGmPlayCore", "GxxGmPlayCore\GxxGmPlayCore.vcproj", "{DC39A25E-B09B-4F94-926F-8C555788C34A}"
	ProjectSection(ProjectDependencies) = postProject
		{FFC32066-F1B7-4176-BFE7-C5EA1A6BBD46} = {FFC32066-F1B7-4176-BFE7-C5EA1A6BBD46}
	EndProjectSection
EndProject
Project("{2150E333-8FDC-42A3-9474-1A3956D46DE8}") = "2.播放库", "2.播放库", "{001FD25F-7836-4CE1-AC4D-AF916F5708C5}"
EndProject
Project("{8BC9CEB8-8B4A-11D0-8D11-00A0C91BC942}") = "GxxGmPlaySDK", "GxxGmPlaySDK\GxxGmPlaySDK.vcproj", "{1FCD2B69-0412-404F-8961-AE766E979ACD}"
	ProjectSection(ProjectDependencies) = postProject
		{95FDFAE9-6425-4D2F-B38D-9BD681160995} = {95FDFAE9-6425-4D2F-B38D-9BD681160995}
	EndProjectSection
EndProject
Project("{8BC9CEB8-8B4A-11D0-8D11-00A0C91BC942}") = "GxxGmPlayer", "GxxGmPlayer\GxxGmPlayer.vcproj", "{FFC32066-F1B7-4176-BFE7-C5EA1A6BBD46}"
	ProjectSection(ProjectDependencies) = postProject
		{1FCD2B69-0412-404F-8961-AE766E979ACD} = {1FCD2B69-0412-404F-8961-AE766E979ACD}
	EndProjectSection
EndProject
Project("{2150E333-8FDC-42A3-9474-1A3956D46DE8}") = "4.浏览器插件", "4.浏览器插件", "{068ED2E6-0927-4884-8D69-67560C9F637A}"
EndProject
Project("{2150E333-8FDC-42A3-9474-1A3956D46DE8}") = "3.多窗口管理", "3.多窗口管理", "{C8A97697-30F8-4974-AD60-3281A3E3609D}"
EndProject
Project("{8BC9CEB8-8B4A-11D0-8D11-00A0C91BC942}") = "GxxGmMultiDisp", "GxxGmMultiDisp\GxxGmMultiDisp.vcproj", "{8C0959C5-4AE2-4038-B43F-25E61998BDD4}"
	ProjectSection(ProjectDependencies) = postProject
		{FFC32066-F1B7-4176-BFE7-C5EA1A6BBD46} = {FFC32066-F1B7-4176-BFE7-C5EA1A6BBD46}
	EndProjectSection
EndProject
Project("{8BC9CEB8-8B4A-11D0-8D11-00A0C91BC942}") = "GxxGmPlayBase", "GxxGmPlayBase\GxxGmPlayBase.vcproj", "{95FDFAE9-6425-4D2F-B38D-9BD681160995}"
EndProject
Project("{2150E333-8FDC-42A3-9474-1A3956D46DE8}") = "1.基础库", "1.基础库", "{E755F955-EEB8-48A8-88B7-F61A9C328E6D}"
EndProject
Project("{8BC9CEB8-8B4A-11D0-8D11-00A0C91BC942}") = "GxxGmPlayDemo", "GxxGmPlayDemo\GxxGmPlayDemo.vcproj", "{D9BF2524-2D43-45C1-BAEB-5DF8AA4044BE}"
EndProject
Project("{2150E333-8FDC-42A3-9474-1A3956D46DE8}") = "A. 播放器相关", "A. 播放器相关", "{BF1BE3C0-1F57-4337-8A72-85DB83E09204}"
EndProject
Project("{2150E333-8FDC-42A3-9474-1A3956D46DE8}") = "B. 网络通道相关", "B. 网络通道相关", "{E3ABB540-8635-4CE4-8134-73728BCB62E0}"
EndProject
Project("{2150E333-8FDC-42A3-9474-1A3956D46DE8}") = "1.SIP协议栈", "1.SIP协议栈", "{B99F646C-E2D2-4835-A441-4E4AA0F396AE}"
EndProject
Project("{2150E333-8FDC-42A3-9474-1A3956D46DE8}") = "2.SIP-TCP网络通道", "2.SIP-TCP网络通道", "{FE7D62F2-3851-4456-8871-A87E004DDA1E}"
EndProject
Project("{8BC9CEB8-8B4A-11D0-8D11-00A0C91BC942}") = "GxxGmSIPTunnelSrv", "GxxGmSIPTunnelSrv\GxxGmSIPTunnelSrv.vcproj", "{D8F35097-69C5-4F40-B654-9EC7B4DF9A47}"
EndProject
Project("{8BC9CEB8-8B4A-11D0-8D11-00A0C91BC942}") = "GxxGmSIPTunnelCli", "GxxGmSIPTunnelCli\GxxGmSIPTunnelCli.vcproj", "{2BA2BBE7-3B6B-4FBF-8947-6BA0051D8C42}"
EndProject
Project("{8BC9CEB8-8B4A-11D0-8D11-00A0C91BC942}") = "SipUAS", "SipUAS\SipUAS.vcproj", "{CFFB6CB8-1BBE-407D-BC0E-BF0769B26BDB}"
EndProject
Project("{8BC9CEB8-8B4A-11D0-8D11-00A0C91BC942}") = "SipUAC", "SipUAC\SipUAC.vcproj", "{A51B87D4-BB49-4072-821A-0A956BC3B665}"
EndProject
Project("{8BC9CEB8-8B4A-11D0-8D11-00A0C91BC942}") = "GxxGmSipTunnel", "GxxGmSipTunnel\GxxGmSipTunnel.vcproj", "{08DB62A0-5C4A-4434-900D-41EEB7BEA612}"
EndProject
Project("{8BC9CEB8-8B4A-11D0-8D11-00A0C91BC942}") = "NetTunnelSimulateClient", "NetTunnelSimulateClient\NetTunnelSimulateClient.vcproj", "{2C3159E2-D736-4B01-9437-F97C9B7D516D}"
EndProject
Project("{8BC9CEB8-8B4A-11D0-8D11-00A0C91BC942}") = "NetTunnelSimulateServer", "NetTunnelSimulateServer\NetTunnelSimulateServer.vcproj", "{52841616-373B-477E-A250-5A01893FABAA}"
EndProject
Project("{8BC9CEB8-8B4A-11D0-8D11-00A0C91BC942}") = "GxxGmNetTunnelServer", "GxxGmNetTunnelServer\GxxGmNetTunnelServer.vcproj", "{1A018A8D-34EC-4357-994E-1A842B353DB6}"
	ProjectSection(ProjectDependencies) = postProject
		{08DB62A0-5C4A-4434-900D-41EEB7BEA612} = {08DB62A0-5C4A-4434-900D-41EEB7BEA612}
	EndProjectSection
EndProject
Project("{8BC9CEB8-8B4A-11D0-8D11-00A0C91BC942}") = "GxxGmNetTunnelClient", "GxxGmNetTunnelClient\GxxGmNetTunnelClient.vcproj", "{6775F5A7-8B23-44A6-BD24-EB6BDB40C7CA}"
	ProjectSection(ProjectDependencies) = postProject
		{08DB62A0-5C4A-4434-900D-41EEB7BEA612} = {08DB62A0-5C4A-4434-900D-41EEB7BEA612}
	EndProjectSection
EndProject
Project("{2150E333-8FDC-42A3-9474-1A3956D46DE8}") = "1.技术方案训练", "1.技术方案训练", "{54235F3B-7EAA-426C-9CBE-00D562A534AF}"
EndProject
Project("{2150E333-8FDC-42A3-9474-1A3956D46DE8}") = "2.通道项目", "2.通道项目", "{E6A8F63E-102E-4539-B9F9-8B4D7A28CE39}"
EndProject
Project("{2150E333-8FDC-42A3-9474-1A3956D46DE8}") = "3.模拟客户端与服务器", "3.模拟客户端与服务器", "{407F6B59-62C6-41D1-B6DF-8439A468E6E9}"
EndProject
Project("{2150E333-8FDC-42A3-9474-1A3956D46DE8}") = "0.公共组件", "0.公共组件", "{8EDE3F08-2D89-4627-BA79-3F5504FC2C55}"
EndProject
Project("{2150E333-8FDC-42A3-9474-1A3956D46DE8}") = "0.协议栈", "0.协议栈", "{568C8F3D-369E-4DF1-9BD0-CDDF8D8F2A79}"
EndProject
Project("{8BC9CEB8-8B4A-11D0-8D11-00A0C91BC942}") = "eXosip", "third_party\eXosip\platform\vsnet\eXosip.vcproj", "{4EA67539-9EE9-4065-BD39-87E517FD8262}"
EndProject
Project("{8BC9CEB8-8B4A-11D0-8D11-00A0C91BC942}") = "osip2", "third_party\osip\platform\vsnet\osip2.vcproj", "{85255507-5D16-4218-85E2-F683BB2F04DA}"
EndProject
Project("{8BC9CEB8-8B4A-11D0-8D11-00A0C91BC942}") = "osipparser2", "third_party\osip\platform\vsnet\osipparser2.vcproj", "{44F46B7E-0E51-4304-9735-330DFBAB41E5}"
EndProject
Project("{2150E333-8FDC-42A3-9474-1A3956D46DE8}") = "99.基础库测试", "99.基础库测试", "{63145834-8161-45D9-91F1-E58377F1978A}"
EndProject
Project("{8BC9CEB8-8B4A-11D0-8D11-00A0C91BC942}") = "GxxGmLinkDemo", "GxxGmLinkDemo\GxxGmLinkDemo.vcproj", "{16E0716E-22DC-4CFB-9581-A78D61BEBA4D}"
EndProject
Project("{8BC9CEB8-8B4A-11D0-8D11-00A0C91BC942}") = "GxxGmThreadDemo", "GxxGmThreadDemo\GxxGmThreadDemo.vcproj", "{59629322-ED12-4430-8E8E-0BBDEF279D1C}"
EndProject
Project("{8BC9CEB8-8B4A-11D0-8D11-00A0C91BC942}") = "GxxGmMultiDispDemo", "GxxGmMultiDispDemo\GxxGmMultiDispDemo.vcproj", "{077FBB08-1936-458A-A644-784C4728CD6C}"
	ProjectSection(ProjectDependencies) = postProject
		{8C0959C5-4AE2-4038-B43F-25E61998BDD4} = {8C0959C5-4AE2-4038-B43F-25E61998BDD4}
	EndProjectSection
EndProject
Global
	GlobalSection(SolutionConfigurationPlatforms) = preSolution
		Debug DLL|Win32 = Debug DLL|Win32
		Debug|Win32 = Debug|Win32
		Release DLL|Win32 = Release DLL|Win32
		Release|Win32 = Release|Win32
	EndGlobalSection
	GlobalSection(ProjectConfigurationPlatforms) = postSolution
		{DC39A25E-B09B-4F94-926F-8C555788C34A}.Debug DLL|Win32.ActiveCfg = Debug|Win32
		{DC39A25E-B09B-4F94-926F-8C555788C34A}.Debug DLL|Win32.Build.0 = Debug|Win32
		{DC39A25E-B09B-4F94-926F-8C555788C34A}.Debug|Win32.ActiveCfg = Debug|Win32
		{DC39A25E-B09B-4F94-926F-8C555788C34A}.Debug|Win32.Build.0 = Debug|Win32
		{DC39A25E-B09B-4F94-926F-8C555788C34A}.Release DLL|Win32.ActiveCfg = Release|Win32
		{DC39A25E-B09B-4F94-926F-8C555788C34A}.Release DLL|Win32.Build.0 = Release|Win32
		{DC39A25E-B09B-4F94-926F-8C555788C34A}.Release|Win32.ActiveCfg = Release|Win32
		{DC39A25E-B09B-4F94-926F-8C555788C34A}.Release|Win32.Build.0 = Release|Win32
		{1FCD2B69-0412-404F-8961-AE766E979ACD}.Debug DLL|Win32.ActiveCfg = Debug|Win32
		{1FCD2B69-0412-404F-8961-AE766E979ACD}.Debug DLL|Win32.Build.0 = Debug|Win32
		{1FCD2B69-0412-404F-8961-AE766E979ACD}.Debug|Win32.ActiveCfg = Debug|Win32
		{1FCD2B69-0412-404F-8961-AE766E979ACD}.Debug|Win32.Build.0 = Debug|Win32
		{1FCD2B69-0412-404F-8961-AE766E979ACD}.Release DLL|Win32.ActiveCfg = Release|Win32
		{1FCD2B69-0412-404F-8961-AE766E979ACD}.Release DLL|Win32.Build.0 = Release|Win32
		{1FCD2B69-0412-404F-8961-AE766E979ACD}.Release|Win32.ActiveCfg = Release|Win32
		{1FCD2B69-0412-404F-8961-AE766E979ACD}.Release|Win32.Build.0 = Release|Win32
		{FFC32066-F1B7-4176-BFE7-C5EA1A6BBD46}.Debug DLL|Win32.ActiveCfg = Debug|Win32
		{FFC32066-F1B7-4176-BFE7-C5EA1A6BBD46}.Debug DLL|Win32.Build.0 = Debug|Win32
		{FFC32066-F1B7-4176-BFE7-C5EA1A6BBD46}.Debug|Win32.ActiveCfg = Debug|Win32
		{FFC32066-F1B7-4176-BFE7-C5EA1A6BBD46}.Debug|Win32.Build.0 = Debug|Win32
		{FFC32066-F1B7-4176-BFE7-C5EA1A6BBD46}.Release DLL|Win32.ActiveCfg = Release|Win32
		{FFC32066-F1B7-4176-BFE7-C5EA1A6BBD46}.Release DLL|Win32.Build.0 = Release|Win32
		{FFC32066-F1B7-4176-BFE7-C5EA1A6BBD46}.Release|Win32.ActiveCfg = Release|Win32
		{FFC32066-F1B7-4176-BFE7-C5EA1A6BBD46}.Release|Win32.Build.0 = Release|Win32
		{8C0959C5-4AE2-4038-B43F-25E61998BDD4}.Debug DLL|Win32.ActiveCfg = Debug|Win32
		{8C0959C5-4AE2-4038-B43F-25E61998BDD4}.Debug DLL|Win32.Build.0 = Debug|Win32
		{8C0959C5-4AE2-4038-B43F-25E61998BDD4}.Debug|Win32.ActiveCfg = Debug|Win32
		{8C0959C5-4AE2-4038-B43F-25E61998BDD4}.Debug|Win32.Build.0 = Debug|Win32
		{8C0959C5-4AE2-4038-B43F-25E61998BDD4}.Release DLL|Win32.ActiveCfg = Release|Win32
		{8C0959C5-4AE2-4038-B43F-25E61998BDD4}.Release DLL|Win32.Build.0 = Release|Win32
		{8C0959C5-4AE2-4038-B43F-25E61998BDD4}.Release|Win32.ActiveCfg = Release|Win32
		{8C0959C5-4AE2-4038-B43F-25E61998BDD4}.Release|Win32.Build.0 = Release|Win32
		{95FDFAE9-6425-4D2F-B38D-9BD681160995}.Debug DLL|Win32.ActiveCfg = Debug|Win32
		{95FDFAE9-6425-4D2F-B38D-9BD681160995}.Debug DLL|Win32.Build.0 = Debug|Win32
		{95FDFAE9-6425-4D2F-B38D-9BD681160995}.Debug|Win32.ActiveCfg = Debug|Win32
		{95FDFAE9-6425-4D2F-B38D-9BD681160995}.Debug|Win32.Build.0 = Debug|Win32
		{95FDFAE9-6425-4D2F-B38D-9BD681160995}.Release DLL|Win32.ActiveCfg = Release|Win32
		{95FDFAE9-6425-4D2F-B38D-9BD681160995}.Release DLL|Win32.Build.0 = Release|Win32
		{95FDFAE9-6425-4D2F-B38D-9BD681160995}.Release|Win32.ActiveCfg = Release|Win32
		{95FDFAE9-6425-4D2F-B38D-9BD681160995}.Release|Win32.Build.0 = Release|Win32
		{D9BF2524-2D43-45C1-BAEB-5DF8AA4044BE}.Debug DLL|Win32.ActiveCfg = Debug|Win32
		{D9BF2524-2D43-45C1-BAEB-5DF8AA4044BE}.Debug DLL|Win32.Build.0 = Debug|Win32
		{D9BF2524-2D43-45C1-BAEB-5DF8AA4044BE}.Debug|Win32.ActiveCfg = Debug|Win32
		{D9BF2524-2D43-45C1-BAEB-5DF8AA4044BE}.Debug|Win32.Build.0 = Debug|Win32
		{D9BF2524-2D43-45C1-BAEB-5DF8AA4044BE}.Release DLL|Win32.ActiveCfg = Release|Win32
		{D9BF2524-2D43-45C1-BAEB-5DF8AA4044BE}.Release DLL|Win32.Build.0 = Release|Win32
		{D9BF2524-2D43-45C1-BAEB-5DF8AA4044BE}.Release|Win32.ActiveCfg = Release|Win32
		{D9BF2524-2D43-45C1-BAEB-5DF8AA4044BE}.Release|Win32.Build.0 = Release|Win32
		{D8F35097-69C5-4F40-B654-9EC7B4DF9A47}.Debug DLL|Win32.ActiveCfg = Debug|Win32
		{D8F35097-69C5-4F40-B654-9EC7B4DF9A47}.Debug DLL|Win32.Build.0 = Debug|Win32
		{D8F35097-69C5-4F40-B654-9EC7B4DF9A47}.Debug|Win32.ActiveCfg = Debug|Win32
		{D8F35097-69C5-4F40-B654-9EC7B4DF9A47}.Debug|Win32.Build.0 = Debug|Win32
		{D8F35097-69C5-4F40-B654-9EC7B4DF9A47}.Release DLL|Win32.ActiveCfg = Release|Win32
		{D8F35097-69C5-4F40-B654-9EC7B4DF9A47}.Release DLL|Win32.Build.0 = Release|Win32
		{D8F35097-69C5-4F40-B654-9EC7B4DF9A47}.Release|Win32.ActiveCfg = Release|Win32
		{D8F35097-69C5-4F40-B654-9EC7B4DF9A47}.Release|Win32.Build.0 = Release|Win32
		{2BA2BBE7-3B6B-4FBF-8947-6BA0051D8C42}.Debug DLL|Win32.ActiveCfg = Debug|Win32
		{2BA2BBE7-3B6B-4FBF-8947-6BA0051D8C42}.Debug DLL|Win32.Build.0 = Debug|Win32
		{2BA2BBE7-3B6B-4FBF-8947-6BA0051D8C42}.Debug|Win32.ActiveCfg = Debug|Win32
		{2BA2BBE7-3B6B-4FBF-8947-6BA0051D8C42}.Debug|Win32.Build.0 = Debug|Win32
		{2BA2BBE7-3B6B-4FBF-8947-6BA0051D8C42}.Release DLL|Win32.ActiveCfg = Release|Win32
		{2BA2BBE7-3B6B-4FBF-8947-6BA0051D8C42}.Release DLL|Win32.Build.0 = Release|Win32
		{2BA2BBE7-3B6B-4FBF-8947-6BA0051D8C42}.Release|Win32.ActiveCfg = Release|Win32
		{2BA2BBE7-3B6B-4FBF-8947-6BA0051D8C42}.Release|Win32.Build.0 = Release|Win32
		{CFFB6CB8-1BBE-407D-BC0E-BF0769B26BDB}.Debug DLL|Win32.ActiveCfg = Debug|Win32
		{CFFB6CB8-1BBE-407D-BC0E-BF0769B26BDB}.Debug DLL|Win32.Build.0 = Debug|Win32
		{CFFB6CB8-1BBE-407D-BC0E-BF0769B26BDB}.Debug|Win32.ActiveCfg = Debug|Win32
		{CFFB6CB8-1BBE-407D-BC0E-BF0769B26BDB}.Debug|Win32.Build.0 = Debug|Win32
		{CFFB6CB8-1BBE-407D-BC0E-BF0769B26BDB}.Release DLL|Win32.ActiveCfg = Release|Win32
		{CFFB6CB8-1BBE-407D-BC0E-BF0769B26BDB}.Release DLL|Win32.Build.0 = Release|Win32
		{CFFB6CB8-1BBE-407D-BC0E-BF0769B26BDB}.Release|Win32.ActiveCfg = Release|Win32
		{CFFB6CB8-1BBE-407D-BC0E-BF0769B26BDB}.Release|Win32.Build.0 = Release|Win32
		{A51B87D4-BB49-4072-821A-0A956BC3B665}.Debug DLL|Win32.ActiveCfg = Debug|Win32
		{A51B87D4-BB49-4072-821A-0A956BC3B665}.Debug DLL|Win32.Build.0 = Debug|Win32
		{A51B87D4-BB49-4072-821A-0A956BC3B665}.Debug|Win32.ActiveCfg = Debug|Win32
		{A51B87D4-BB49-4072-821A-0A956BC3B665}.Debug|Win32.Build.0 = Debug|Win32
		{A51B87D4-BB49-4072-821A-0A956BC3B665}.Release DLL|Win32.ActiveCfg = Release|Win32
		{A51B87D4-BB49-4072-821A-0A956BC3B665}.Release DLL|Win32.Build.0 = Release|Win32
		{A51B87D4-BB49-4072-821A-0A956BC3B665}.Release|Win32.ActiveCfg = Release|Win32
		{A51B87D4-BB49-4072-821A-0A956BC3B665}.Release|Win32.Build.0 = Release|Win32
		{08DB62A0-5C4A-4434-900D-41EEB7BEA612}.Debug DLL|Win32.ActiveCfg = Debug|Win32
		{08DB62A0-5C4A-4434-900D-41EEB7BEA612}.Debug DLL|Win32.Build.0 = Debug|Win32
		{08DB62A0-5C4A-4434-900D-41EEB7BEA612}.Debug|Win32.ActiveCfg = Debug|Win32
		{08DB62A0-5C4A-4434-900D-41EEB7BEA612}.Debug|Win32.Build.0 = Debug|Win32
		{08DB62A0-5C4A-4434-900D-41EEB7BEA612}.Release DLL|Win32.ActiveCfg = Release|Win32
		{08DB62A0-5C4A-4434-900D-41EEB7BEA612}.Release DLL|Win32.Build.0 = Release|Win32
		{08DB62A0-5C4A-4434-900D-41EEB7BEA612}.Release|Win32.ActiveCfg = Release|Win32
		{08DB62A0-5C4A-4434-900D-41EEB7BEA612}.Release|Win32.Build.0 = Release|Win32
		{2C3159E2-D736-4B01-9437-F97C9B7D516D}.Debug DLL|Win32.ActiveCfg = Debug|Win32
		{2C3159E2-D736-4B01-9437-F97C9B7D516D}.Debug DLL|Win32.Build.0 = Debug|Win32
		{2C3159E2-D736-4B01-9437-F97C9B7D516D}.Debug|Win32.ActiveCfg = Debug|Win32
		{2C3159E2-D736-4B01-9437-F97C9B7D516D}.Debug|Win32.Build.0 = Debug|Win32
		{2C3159E2-D736-4B01-9437-F97C9B7D516D}.Release DLL|Win32.ActiveCfg = Release|Win32
		{2C3159E2-D736-4B01-9437-F97C9B7D516D}.Release DLL|Win32.Build.0 = Release|Win32
		{2C3159E2-D736-4B01-9437-F97C9B7D516D}.Release|Win32.ActiveCfg = Release|Win32
		{2C3159E2-D736-4B01-9437-F97C9B7D516D}.Release|Win32.Build.0 = Release|Win32
		{52841616-373B-477E-A250-5A01893FABAA}.Debug DLL|Win32.ActiveCfg = Debug|Win32
		{52841616-373B-477E-A250-5A01893FABAA}.Debug DLL|Win32.Build.0 = Debug|Win32
		{52841616-373B-477E-A250-5A01893FABAA}.Debug|Win32.ActiveCfg = Debug|Win32
		{52841616-373B-477E-A250-5A01893FABAA}.Debug|Win32.Build.0 = Debug|Win32
		{52841616-373B-477E-A250-5A01893FABAA}.Release DLL|Win32.ActiveCfg = Release|Win32
		{52841616-373B-477E-A250-5A01893FABAA}.Release DLL|Win32.Build.0 = Release|Win32
		{52841616-373B-477E-A250-5A01893FABAA}.Release|Win32.ActiveCfg = Release|Win32
		{52841616-373B-477E-A250-5A01893FABAA}.Release|Win32.Build.0 = Release|Win32
		{1A018A8D-34EC-4357-994E-1A842B353DB6}.Debug DLL|Win32.ActiveCfg = Debug|Win32
		{1A018A8D-34EC-4357-994E-1A842B353DB6}.Debug DLL|Win32.Build.0 = Debug|Win32
		{1A018A8D-34EC-4357-994E-1A842B353DB6}.Debug|Win32.ActiveCfg = Debug|Win32
		{1A018A8D-34EC-4357-994E-1A842B353DB6}.Debug|Win32.Build.0 = Debug|Win32
		{1A018A8D-34EC-4357-994E-1A842B353DB6}.Release DLL|Win32.ActiveCfg = Release|Win32
		{1A018A8D-34EC-4357-994E-1A842B353DB6}.Release DLL|Win32.Build.0 = Release|Win32
		{1A018A8D-34EC-4357-994E-1A842B353DB6}.Release|Win32.ActiveCfg = Release|Win32
		{1A018A8D-34EC-4357-994E-1A842B353DB6}.Release|Win32.Build.0 = Release|Win32
		{6775F5A7-8B23-44A6-BD24-EB6BDB40C7CA}.Debug DLL|Win32.ActiveCfg = Debug|Win32
		{6775F5A7-8B23-44A6-BD24-EB6BDB40C7CA}.Debug DLL|Win32.Build.0 = Debug|Win32
		{6775F5A7-8B23-44A6-BD24-EB6BDB40C7CA}.Debug|Win32.ActiveCfg = Debug|Win32
		{6775F5A7-8B23-44A6-BD24-EB6BDB40C7CA}.Debug|Win32.Build.0 = Debug|Win32
		{6775F5A7-8B23-44A6-BD24-EB6BDB40C7CA}.Release DLL|Win32.ActiveCfg = Release|Win32
		{6775F5A7-8B23-44A6-BD24-EB6BDB40C7CA}.Release DLL|Win32.Build.0 = Release|Win32
		{6775F5A7-8B23-44A6-BD24-EB6BDB40C7CA}.Release|Win32.ActiveCfg = Release|Win32
		{6775F5A7-8B23-44A6-BD24-EB6BDB40C7CA}.Release|Win32.Build.0 = Release|Win32
		{4EA67539-9EE9-4065-BD39-87E517FD8262}.Debug DLL|Win32.ActiveCfg = Debug|Win32
		{4EA67539-9EE9-4065-BD39-87E517FD8262}.Debug DLL|Win32.Build.0 = Debug|Win32
		{4EA67539-9EE9-4065-BD39-87E517FD8262}.Debug|Win32.ActiveCfg = Debug|Win32
		{4EA67539-9EE9-4065-BD39-87E517FD8262}.Debug|Win32.Build.0 = Debug|Win32
		{4EA67539-9EE9-4065-BD39-87E517FD8262}.Release DLL|Win32.ActiveCfg = Release|Win32
		{4EA67539-9EE9-4065-BD39-87E517FD8262}.Release DLL|Win32.Build.0 = Release|Win32
		{4EA67539-9EE9-4065-BD39-87E517FD8262}.Release|Win32.ActiveCfg = Release|Win32
		{4EA67539-9EE9-4065-BD39-87E517FD8262}.Release|Win32.Build.0 = Release|Win32
		{85255507-5D16-4218-85E2-F683BB2F04DA}.Debug DLL|Win32.ActiveCfg = Debug DLL|Win32
		{85255507-5D16-4218-85E2-F683BB2F04DA}.Debug DLL|Win32.Build.0 = Debug DLL|Win32
		{85255507-5D16-4218-85E2-F683BB2F04DA}.Debug|Win32.ActiveCfg = Debug|Win32
		{85255507-5D16-4218-85E2-F683BB2F04DA}.Debug|Win32.Build.0 = Debug|Win32
		{85255507-5D16-4218-85E2-F683BB2F04DA}.Release DLL|Win32.ActiveCfg = Release DLL|Win32
		{85255507-5D16-4218-85E2-F683BB2F04DA}.Release DLL|Win32.Build.0 = Release DLL|Win32
		{85255507-5D16-4218-85E2-F683BB2F04DA}.Release|Win32.ActiveCfg = Release|Win32
		{85255507-5D16-4218-85E2-F683BB2F04DA}.Release|Win32.Build.0 = Release|Win32
		{44F46B7E-0E51-4304-9735-330DFBAB41E5}.Debug DLL|Win32.ActiveCfg = Debug DLL|Win32
		{44F46B7E-0E51-4304-9735-330DFBAB41E5}.Debug DLL|Win32.Build.0 = Debug DLL|Win32
		{44F46B7E-0E51-4304-9735-330DFBAB41E5}.Debug|Win32.ActiveCfg = Debug|Win32
		{44F46B7E-0E51-4304-9735-330DFBAB41E5}.Debug|Win32.Build.0 = Debug|Win32
		{44F46B7E-0E51-4304-9735-330DFBAB41E5}.Release DLL|Win32.ActiveCfg = Release DLL|Win32
		{44F46B7E-0E51-4304-9735-330DFBAB41E5}.Release DLL|Win32.Build.0 = Release DLL|Win32
		{44F46B7E-0E51-4304-9735-330DFBAB41E5}.Release|Win32.ActiveCfg = Release|Win32
		{44F46B7E-0E51-4304-9735-330DFBAB41E5}.Release|Win32.Build.0 = Release|Win32
		{16E0716E-22DC-4CFB-9581-A78D61BEBA4D}.Debug DLL|Win32.ActiveCfg = Debug|Win32
		{16E0716E-22DC-4CFB-9581-A78D61BEBA4D}.Debug DLL|Win32.Build.0 = Debug|Win32
		{16E0716E-22DC-4CFB-9581-A78D61BEBA4D}.Debug|Win32.ActiveCfg = Debug|Win32
		{16E0716E-22DC-4CFB-9581-A78D61BEBA4D}.Debug|Win32.Build.0 = Debug|Win32
		{16E0716E-22DC-4CFB-9581-A78D61BEBA4D}.Release DLL|Win32.ActiveCfg = Release|Win32
		{16E0716E-22DC-4CFB-9581-A78D61BEBA4D}.Release DLL|Win32.Build.0 = Release|Win32
		{16E0716E-22DC-4CFB-9581-A78D61BEBA4D}.Release|Win32.ActiveCfg = Release|Win32
		{16E0716E-22DC-4CFB-9581-A78D61BEBA4D}.Release|Win32.Build.0 = Release|Win32
		{59629322-ED12-4430-8E8E-0BBDEF279D1C}.Debug DLL|Win32.ActiveCfg = Debug|Win32
		{59629322-ED12-4430-8E8E-0BBDEF279D1C}.Debug DLL|Win32.Build.0 = Debug|Win32
		{59629322-ED12-4430-8E8E-0BBDEF279D1C}.Debug|Win32.ActiveCfg = Debug|Win32
		{59629322-ED12-4430-8E8E-0BBDEF279D1C}.Debug|Win32.Build.0 = Debug|Win32
		{59629322-ED12-4430-8E8E-0BBDEF279D1C}.Release DLL|Win32.ActiveCfg = Release|Win32
		{59629322-ED12-4430-8E8E-0BBDEF279D1C}.Release DLL|Win32.Build.0 = Release|Win32
		{59629322-ED12-4430-8E8E-0BBDEF279D1C}.Release|Win32.ActiveCfg = Release|Win32
		{59629322-ED12-4430-8E8E-0BBDEF279D1C}.Release|Win32.Build.0 = Release|Win32
		{077FBB08-1936-458A-A644-784C4728CD6C}.Debug DLL|Win32.ActiveCfg = Debug|Win32
		{077FBB08-1936-458A-A644-784C4728CD6C}.Debug DLL|Win32.Build.0 = Debug|Win32
		{077FBB08-1936-458A-A644-784C4728CD6C}.Debug|Win32.ActiveCfg = Debug|Win32
		{077FBB08-1936-458A-A644-784C4728CD6C}.Debug|Win32.Build.0 = Debug|Win32
		{077FBB08-1936-458A-A644-784C4728CD6C}.Release DLL|Win32.ActiveCfg = Release|Win32
		{077FBB08-1936-458A-A644-784C4728CD6C}.Release DLL|Win32.Build.0 = Release|Win32
		{077FBB08-1936-458A-A644-784C4728CD6C}.Release|Win32.ActiveCfg = Release|Win32
		{077FBB08-1936-458A-A644-784C4728CD6C}.Release|Win32.Build.0 = Release|Win32
	EndGlobalSection
	GlobalSection(SolutionProperties) = preSolution
		HideSolutionNode = FALSE
	EndGlobalSection
	GlobalSection(NestedProjects) = preSolution
		{CA3DAEE4-FF40-4903-9584-CA9D5310684F} = {BF1BE3C0-1F57-4337-8A72-85DB83E09204}
		{001FD25F-7836-4CE1-AC4D-AF916F5708C5} = {BF1BE3C0-1F57-4337-8A72-85DB83E09204}
		{068ED2E6-0927-4884-8D69-67560C9F637A} = {BF1BE3C0-1F57-4337-8A72-85DB83E09204}
		{C8A97697-30F8-4974-AD60-3281A3E3609D} = {BF1BE3C0-1F57-4337-8A72-85DB83E09204}
		{D9BF2524-2D43-45C1-BAEB-5DF8AA4044BE} = {CA3DAEE4-FF40-4903-9584-CA9D5310684F}
		{DC39A25E-B09B-4F94-926F-8C555788C34A} = {CA3DAEE4-FF40-4903-9584-CA9D5310684F}
		{077FBB08-1936-458A-A644-784C4728CD6C} = {CA3DAEE4-FF40-4903-9584-CA9D5310684F}
		{1FCD2B69-0412-404F-8961-AE766E979ACD} = {001FD25F-7836-4CE1-AC4D-AF916F5708C5}
		{FFC32066-F1B7-4176-BFE7-C5EA1A6BBD46} = {001FD25F-7836-4CE1-AC4D-AF916F5708C5}
		{8C0959C5-4AE2-4038-B43F-25E61998BDD4} = {C8A97697-30F8-4974-AD60-3281A3E3609D}
		{E755F955-EEB8-48A8-88B7-F61A9C328E6D} = {8EDE3F08-2D89-4627-BA79-3F5504FC2C55}
		{63145834-8161-45D9-91F1-E58377F1978A} = {8EDE3F08-2D89-4627-BA79-3F5504FC2C55}
		{95FDFAE9-6425-4D2F-B38D-9BD681160995} = {E755F955-EEB8-48A8-88B7-F61A9C328E6D}
		{B99F646C-E2D2-4835-A441-4E4AA0F396AE} = {E3ABB540-8635-4CE4-8134-73728BCB62E0}
		{FE7D62F2-3851-4456-8871-A87E004DDA1E} = {E3ABB540-8635-4CE4-8134-73728BCB62E0}
		{568C8F3D-369E-4DF1-9BD0-CDDF8D8F2A79} = {E3ABB540-8635-4CE4-8134-73728BCB62E0}
		{54235F3B-7EAA-426C-9CBE-00D562A534AF} = {B99F646C-E2D2-4835-A441-4E4AA0F396AE}
		{E6A8F63E-102E-4539-B9F9-8B4D7A28CE39} = {B99F646C-E2D2-4835-A441-4E4AA0F396AE}
		{407F6B59-62C6-41D1-B6DF-8439A468E6E9} = {B99F646C-E2D2-4835-A441-4E4AA0F396AE}
		{D8F35097-69C5-4F40-B654-9EC7B4DF9A47} = {FE7D62F2-3851-4456-8871-A87E004DDA1E}
		{2BA2BBE7-3B6B-4FBF-8947-6BA0051D8C42} = {FE7D62F2-3851-4456-8871-A87E004DDA1E}
		{A51B87D4-BB49-4072-821A-0A956BC3B665} = {54235F3B-7EAA-426C-9CBE-00D562A534AF}
		{CFFB6CB8-1BBE-407D-BC0E-BF0769B26BDB} = {54235F3B-7EAA-426C-9CBE-00D562A534AF}
		{1A018A8D-34EC-4357-994E-1A842B353DB6} = {E6A8F63E-102E-4539-B9F9-8B4D7A28CE39}
		{6775F5A7-8B23-44A6-BD24-EB6BDB40C7CA} = {E6A8F63E-102E-4539-B9F9-8B4D7A28CE39}
		{08DB62A0-5C4A-4434-900D-41EEB7BEA612} = {E6A8F63E-102E-4539-B9F9-8B4D7A28CE39}
		{52841616-373B-477E-A250-5A01893FABAA} = {407F6B59-62C6-41D1-B6DF-8439A468E6E9}
		{2C3159E2-D736-4B01-9437-F97C9B7D516D} = {407F6B59-62C6-41D1-B6DF-8439A468E6E9}
		{4EA67539-9EE9-4065-BD39-87E517FD8262} = {568C8F3D-369E-4DF1-9BD0-CDDF8D8F2A79}
		{85255507-5D16-4218-85E2-F683BB2F04DA} = {568C8F3D-369E-4DF1-9BD0-CDDF8D8F2A79}
		{44F46B7E-0E51-4304-9735-330DFBAB41E5} = {568C8F3D-369E-4DF1-9BD0-CDDF8D8F2A79}
		{16E0716E-22DC-4CFB-9581-A78D61BEBA4D} = {63145834-8161-45D9-91F1-E58377F1978A}
		{59629322-ED12-4430-8E8E-0BBDEF279D1C} = {63145834-8161-45D9-91F1-E58377F1978A}
	EndGlobalSection
EndGlobal
