
Microsoft Visual Studio Solution File, Format Version 10.00
# Visual Studio 2008
Project("{8BC9CEB8-8B4A-11D0-8D11-00A0C91BC942}") = "GxxGmGB28181Cli", "GxxGmGB28181Cli\GxxGmGB28181Cli.vcproj", "{98213787-0DD1-4206-A0ED-BF05C2937FD6}"
EndProject
Project("{2150E333-8FDC-42A3-9474-1A3956D46DE8}") = "GB28181组件", "GB28181组件", "{3C241487-B54D-49CF-98C1-F5622AF8E57F}"
EndProject
Project("{8BC9CEB8-8B4A-11D0-8D11-00A0C91BC942}") = "GxxGmGB28181Srv", "GxxGmGB28181Srv\GxxGmGB28181Srv.vcproj", "{AEC5B525-05B6-446F-888E-8BF736D5642A}"
EndProject
Project("{8BC9CEB8-8B4A-11D0-8D11-00A0C91BC942}") = "GxxGmGB28181SrvDemo", "GxxGmGB28181SrvDemo\GxxGmGB28181SrvDemo.vcproj", "{0382AF98-5B88-40A7-872C-3DD12370C135}"
EndProject
Project("{8BC9CEB8-8B4A-11D0-8D11-00A0C91BC942}") = "GxxGmGB28181CliDemo", "GxxGmGB28181CliDemo\GxxGmGB28181CliDemo.vcproj", "{E4E6A215-447C-487F-B943-FFA7BAF50486}"
EndProject
Global
	GlobalSection(SolutionConfigurationPlatforms) = preSolution
		Debug|Win32 = Debug|Win32
		Release|Win32 = Release|Win32
	EndGlobalSection
	GlobalSection(ProjectConfigurationPlatforms) = postSolution
		{98213787-0DD1-4206-A0ED-BF05C2937FD6}.Debug|Win32.ActiveCfg = Debug|Win32
		{98213787-0DD1-4206-A0ED-BF05C2937FD6}.Debug|Win32.Build.0 = Debug|Win32
		{98213787-0DD1-4206-A0ED-BF05C2937FD6}.Release|Win32.ActiveCfg = Release|Win32
		{98213787-0DD1-4206-A0ED-BF05C2937FD6}.Release|Win32.Build.0 = Release|Win32
		{AEC5B525-05B6-446F-888E-8BF736D5642A}.Debug|Win32.ActiveCfg = Debug|Win32
		{AEC5B525-05B6-446F-888E-8BF736D5642A}.Debug|Win32.Build.0 = Debug|Win32
		{AEC5B525-05B6-446F-888E-8BF736D5642A}.Release|Win32.ActiveCfg = Release|Win32
		{AEC5B525-05B6-446F-888E-8BF736D5642A}.Release|Win32.Build.0 = Release|Win32
		{0382AF98-5B88-40A7-872C-3DD12370C135}.Debug|Win32.ActiveCfg = Debug|Win32
		{0382AF98-5B88-40A7-872C-3DD12370C135}.Debug|Win32.Build.0 = Debug|Win32
		{0382AF98-5B88-40A7-872C-3DD12370C135}.Release|Win32.ActiveCfg = Release|Win32
		{0382AF98-5B88-40A7-872C-3DD12370C135}.Release|Win32.Build.0 = Release|Win32
		{E4E6A215-447C-487F-B943-FFA7BAF50486}.Debug|Win32.ActiveCfg = Debug|Win32
		{E4E6A215-447C-487F-B943-FFA7BAF50486}.Debug|Win32.Build.0 = Debug|Win32
		{E4E6A215-447C-487F-B943-FFA7BAF50486}.Release|Win32.ActiveCfg = Release|Win32
		{E4E6A215-447C-487F-B943-FFA7BAF50486}.Release|Win32.Build.0 = Release|Win32
	EndGlobalSection
	GlobalSection(SolutionProperties) = preSolution
		HideSolutionNode = FALSE
	EndGlobalSection
	GlobalSection(NestedProjects) = preSolution
		{98213787-0DD1-4206-A0ED-BF05C2937FD6} = {3C241487-B54D-49CF-98C1-F5622AF8E57F}
		{AEC5B525-05B6-446F-888E-8BF736D5642A} = {3C241487-B54D-49CF-98C1-F5622AF8E57F}
		{0382AF98-5B88-40A7-872C-3DD12370C135} = {3C241487-B54D-49CF-98C1-F5622AF8E57F}
		{E4E6A215-447C-487F-B943-FFA7BAF50486} = {3C241487-B54D-49CF-98C1-F5622AF8E57F}
	EndGlobalSection
EndGlobal
